version: 2.0
shards:
  exception_page:
    git: https://github.com/crystal-loot/exception_page.git
    version: 0.1.5

  ip_geolocation:
    git: https://github.com/florianroesler/ip_geolocation.git
    version: 1.0.0+git.commit.c97587a0209ea2365e00a1a99c7489d0411155f3

  kemal:
    git: https://github.com/kemalcr/kemal.git
    version: 1.0.0

  kilt:
    git: https://github.com/jeromegn/kilt.git
    version: 0.4.1

  radix:
    git: https://github.com/luislavena/radix.git
    version: 0.4.1

  sentry:
    git: https://github.com/samueleaton/sentry.git
    version: 0.3.2+git.commit.cd86128f94567594da9ddff78cc428c697754d88

  spec-kemal:
    git: https://github.com/kemalcr/spec-kemal.git
    version: 1.0.0

