version: 1.0
shards:
  exception_page:
    github: crystal-loot/exception_page
    version: 0.1.4

  ip_geolocation:
    github: florianroesler/ip_geolocation
    commit: 88cf9e158cba29d7531c6e2fc6848d928ffe03d3

  kemal:
    github: kemalcr/kemal
    version: 0.26.1

  kilt:
    github: jeromegn/kilt
    version: 0.4.0

  radix:
    github: luislavena/radix
    version: 0.3.9

  sentry:
    github: Acciaiodigitale/sentry
    commit: 5ba3ace2a1c2ab8ea55cd4a89a663bec4f21f75a

